
Microsoft Visual Studio Solution File, Format Version 12.00
# Visual Studio Version 16
VisualStudioVersion = 16.6.30114.105
MinimumVisualStudioVersion = 10.0.40219.1
Project("{9A19103F-16F7-4668-BE54-9A1E7A4F7556}") = "GrpcClient", "GrpcClient\GrpcClient.csproj", "{55800822-FF7D-4E9A-8BF0-DC207227B48C}"
EndProject
Project("{9A19103F-16F7-4668-BE54-9A1E7A4F7556}") = "GrpcServer", "GrpcServer\GrpcServer.csproj", "{86B0B8D9-137B-4761-B2F0-BAC44391CFD3}"
EndProject
Project("{2150E333-8FDC-42A3-9474-1A3956D46DE8}") = "Proto", "Proto", "{3281D002-7ECB-4040-BD3B-B44D8374812B}"
	ProjectSection(SolutionItems) = preProject
		Calculator.proto = Calculator.proto
		Deadlines.proto = Deadlines.proto
		ErrorsSample.proto = ErrorsSample.proto
		Greeting.proto = Greeting.proto
		PrimeNumber.proto = PrimeNumber.proto
		TestDeps.proto = TestDeps.proto
	EndProjectSection
EndProject
Global
	GlobalSection(SolutionConfigurationPlatforms) = preSolution
		Debug|Any CPU = Debug|Any CPU
		Release|Any CPU = Release|Any CPU
	EndGlobalSection
	GlobalSection(ProjectConfigurationPlatforms) = postSolution
		{55800822-FF7D-4E9A-8BF0-DC207227B48C}.Debug|Any CPU.ActiveCfg = Debug|Any CPU
		{55800822-FF7D-4E9A-8BF0-DC207227B48C}.Debug|Any CPU.Build.0 = Debug|Any CPU
		{55800822-FF7D-4E9A-8BF0-DC207227B48C}.Release|Any CPU.ActiveCfg = Release|Any CPU
		{55800822-FF7D-4E9A-8BF0-DC207227B48C}.Release|Any CPU.Build.0 = Release|Any CPU
		{86B0B8D9-137B-4761-B2F0-BAC44391CFD3}.Debug|Any CPU.ActiveCfg = Debug|Any CPU
		{86B0B8D9-137B-4761-B2F0-BAC44391CFD3}.Debug|Any CPU.Build.0 = Debug|Any CPU
		{86B0B8D9-137B-4761-B2F0-BAC44391CFD3}.Release|Any CPU.ActiveCfg = Release|Any CPU
		{86B0B8D9-137B-4761-B2F0-BAC44391CFD3}.Release|Any CPU.Build.0 = Release|Any CPU
	EndGlobalSection
	GlobalSection(SolutionProperties) = preSolution
		HideSolutionNode = FALSE
	EndGlobalSection
	GlobalSection(ExtensibilityGlobals) = postSolution
		SolutionGuid = {998AA2B4-2226-4274-9B30-C695C56559C4}
	EndGlobalSection
EndGlobal
